
Microsoft Visual Studio Solution File, Format Version 12.00
# Visual Studio Version 16
VisualStudioVersion = 16.0.29519.87
MinimumVisualStudioVersion = 10.0.40219.1
Project("{FAE04EC0-301F-11D3-BF4B-00C04F79EFBC}") = "DOIWEBAPP", "DOIWEBAPP\DOIWEBAPP.csproj", "{7D11151E-1C5E-4060-859C-3CD2984ECC4B}"
EndProject
Global
	GlobalSection(SolutionConfigurationPlatforms) = preSolution
		Debug|Any CPU = Debug|Any CPU
		Release|Any CPU = Release|Any CPU
	EndGlobalSection
	GlobalSection(ProjectConfigurationPlatforms) = postSolution
		{7D11151E-1C5E-4060-859C-3CD2984ECC4B}.Debug|Any CPU.ActiveCfg = Debug|Any CPU
		{7D11151E-1C5E-4060-859C-3CD2984ECC4B}.Debug|Any CPU.Build.0 = Debug|Any CPU
		{7D11151E-1C5E-4060-859C-3CD2984ECC4B}.Release|Any CPU.ActiveCfg = Release|Any CPU
		{7D11151E-1C5E-4060-859C-3CD2984ECC4B}.Release|Any CPU.Build.0 = Release|Any CPU
	EndGlobalSection
	GlobalSection(SolutionProperties) = preSolution
		HideSolutionNode = FALSE
	EndGlobalSection
	GlobalSection(ExtensibilityGlobals) = postSolution
		SolutionGuid = {191B61AC-47A0-49E0-8D7A-5158F2E7927C}
	EndGlobalSection
EndGlobal
